
Microsoft Visual Studio Solution File, Format Version 12.00
# Visual Studio Version 17
VisualStudioVersion = 17.5.33516.290
MinimumVisualStudioVersion = 10.0.40219.1
Project("{FAE04EC0-301F-11D3-BF4B-00C04F79EFBC}") = "cs10_operator", "cs10_operator\cs10_operator.csproj", "{B347E9A8-4AD4-44AD-B2C3-F6AD02EF4675}"
EndProject
Project("{FAE04EC0-301F-11D3-BF4B-00C04F79EFBC}") = "cs11_logiccondition", "cs11_logiccondition\cs11_logiccondition.csproj", "{A9F1EEF2-B9D2-45B4-9B49-D4958BF87FD7}"
EndProject
Project("{FAE04EC0-301F-11D3-BF4B-00C04F79EFBC}") = "cs12_methods", "cs12_methods\cs12_methods.csproj", "{20C4B3F1-A65A-406C-9866-047230CFB860}"
EndProject
Global
	GlobalSection(SolutionConfigurationPlatforms) = preSolution
		Debug|Any CPU = Debug|Any CPU
		Release|Any CPU = Release|Any CPU
	EndGlobalSection
	GlobalSection(ProjectConfigurationPlatforms) = postSolution
		{B347E9A8-4AD4-44AD-B2C3-F6AD02EF4675}.Debug|Any CPU.ActiveCfg = Debug|Any CPU
		{B347E9A8-4AD4-44AD-B2C3-F6AD02EF4675}.Debug|Any CPU.Build.0 = Debug|Any CPU
		{B347E9A8-4AD4-44AD-B2C3-F6AD02EF4675}.Release|Any CPU.ActiveCfg = Release|Any CPU
		{B347E9A8-4AD4-44AD-B2C3-F6AD02EF4675}.Release|Any CPU.Build.0 = Release|Any CPU
		{A9F1EEF2-B9D2-45B4-9B49-D4958BF87FD7}.Debug|Any CPU.ActiveCfg = Debug|Any CPU
		{A9F1EEF2-B9D2-45B4-9B49-D4958BF87FD7}.Debug|Any CPU.Build.0 = Debug|Any CPU
		{A9F1EEF2-B9D2-45B4-9B49-D4958BF87FD7}.Release|Any CPU.ActiveCfg = Release|Any CPU
		{A9F1EEF2-B9D2-45B4-9B49-D4958BF87FD7}.Release|Any CPU.Build.0 = Release|Any CPU
		{20C4B3F1-A65A-406C-9866-047230CFB860}.Debug|Any CPU.ActiveCfg = Debug|Any CPU
		{20C4B3F1-A65A-406C-9866-047230CFB860}.Debug|Any CPU.Build.0 = Debug|Any CPU
		{20C4B3F1-A65A-406C-9866-047230CFB860}.Release|Any CPU.ActiveCfg = Release|Any CPU
		{20C4B3F1-A65A-406C-9866-047230CFB860}.Release|Any CPU.Build.0 = Release|Any CPU
	EndGlobalSection
	GlobalSection(SolutionProperties) = preSolution
		HideSolutionNode = FALSE
	EndGlobalSection
	GlobalSection(ExtensibilityGlobals) = postSolution
		SolutionGuid = {69F5BFAD-5081-4467-8F53-23EB27036FCC}
	EndGlobalSection
EndGlobal
