
Microsoft Visual Studio Solution File, Format Version 12.00
# Visual Studio Version 17
VisualStudioVersion = 17.5.33516.290
MinimumVisualStudioVersion = 10.0.40219.1
Project("{FAE04EC0-301F-11D3-BF4B-00C04F79EFBC}") = "wf08_dbhanding", "wf08_dbhanding\wf08_dbhanding.csproj", "{9290F537-BE4E-4C4B-86F0-82424ACD6B40}"
EndProject
Project("{FAE04EC0-301F-11D3-BF4B-00C04F79EFBC}") = "wf07_myexplorer", "wf07_myexplorer\wf07_myexplorer.csproj", "{242171D2-4760-4ECA-93CD-22D0A0DF3C75}"
EndProject
Global
	GlobalSection(SolutionConfigurationPlatforms) = preSolution
		Debug|Any CPU = Debug|Any CPU
		Release|Any CPU = Release|Any CPU
	EndGlobalSection
	GlobalSection(ProjectConfigurationPlatforms) = postSolution
		{9290F537-BE4E-4C4B-86F0-82424ACD6B40}.Debug|Any CPU.ActiveCfg = Debug|Any CPU
		{9290F537-BE4E-4C4B-86F0-82424ACD6B40}.Debug|Any CPU.Build.0 = Debug|Any CPU
		{9290F537-BE4E-4C4B-86F0-82424ACD6B40}.Release|Any CPU.ActiveCfg = Release|Any CPU
		{9290F537-BE4E-4C4B-86F0-82424ACD6B40}.Release|Any CPU.Build.0 = Release|Any CPU
		{242171D2-4760-4ECA-93CD-22D0A0DF3C75}.Debug|Any CPU.ActiveCfg = Debug|Any CPU
		{242171D2-4760-4ECA-93CD-22D0A0DF3C75}.Debug|Any CPU.Build.0 = Debug|Any CPU
		{242171D2-4760-4ECA-93CD-22D0A0DF3C75}.Release|Any CPU.ActiveCfg = Release|Any CPU
		{242171D2-4760-4ECA-93CD-22D0A0DF3C75}.Release|Any CPU.Build.0 = Release|Any CPU
	EndGlobalSection
	GlobalSection(SolutionProperties) = preSolution
		HideSolutionNode = FALSE
	EndGlobalSection
	GlobalSection(ExtensibilityGlobals) = postSolution
		SolutionGuid = {30BA64E3-DAD0-4146-B886-9F516AE6FC7E}
	EndGlobalSection
EndGlobal
